{
    "_readme": [
        "This file locks the dependencies of your project to a known state",
        "Read more about it at https://getcomposer.org/doc/01-basic-usage.md#composer-lock-the-lock-file",
        "This file is @generated automatically"
    ],
    "hash": "09758b74bdf5667c4ca2c7347143d65b",
    "packages": [
        {
            "name": "dez-php/dez-collection",
            "version": "v1.0.1",
            "source": {
                "type": "git",
                "url": "https://github.com/dez-php/dez-collection.git",
                "reference": "8ec758226b3881ff95c1604c32b0882cae534fa6"
            },
            "dist": {
                "type": "zip",
                "url": "https://api.github.com/repos/dez-php/dez-collection/zipball/8ec758226b3881ff95c1604c32b0882cae534fa6",
                "reference": "8ec758226b3881ff95c1604c32b0882cae534fa6",
                "shasum": ""
            },
            "require": {
                "php": ">=5.5"
            },
            "type": "library",
            "autoload": {
                "psr-4": {
                    "Dez\\Collection\\": "src/Collection"
                }
            },
            "notification-url": "https://packagist.org/downloads/",
            "license": [
                "MIT"
            ],
            "authors": [
                {
                    "name": "Ivan Gontarenko (Dez)",
                    "email": "vania.gontarenko@gmail.com",
                    "role": "dev"
                }
            ],
            "description": "Simple PHP Collection Class",
            "keywords": [
                "collection",
                "dez-php collection",
                "php collection",
                "simple php collection"
            ],
            "time": "2015-08-29 10:13:24"
        }
    ],
    "packages-dev": [],
    "aliases": [],
    "minimum-stability": "stable",
    "stability-flags": [],
    "prefer-stable": false,
    "prefer-lowest": false,
    "platform": {
        "php": ">=5.5"
    },
    "platform-dev": []
}
